
Microsoft Visual Studio Solution File, Format Version 12.00
# Visual Studio Version 17
VisualStudioVersion = 17.7.34018.315
MinimumVisualStudioVersion = 10.0.40219.1
Project("{FAE04EC0-301F-11D3-BF4B-00C04F79EFBC}") = "Classes", "Classes\Classes.csproj", "{9751BB89-BAF6-4F33-A50A-F2DB2A2E2991}"
EndProject
Global
	GlobalSection(SolutionConfigurationPlatforms) = preSolution
		Debug|Any CPU = Debug|Any CPU
		Release|Any CPU = Release|Any CPU
	EndGlobalSection
	GlobalSection(ProjectConfigurationPlatforms) = postSolution
		{9751BB89-BAF6-4F33-A50A-F2DB2A2E2991}.Debug|Any CPU.ActiveCfg = Debug|Any CPU
		{9751BB89-BAF6-4F33-A50A-F2DB2A2E2991}.Debug|Any CPU.Build.0 = Debug|Any CPU
		{9751BB89-BAF6-4F33-A50A-F2DB2A2E2991}.Release|Any CPU.ActiveCfg = Release|Any CPU
		{9751BB89-BAF6-4F33-A50A-F2DB2A2E2991}.Release|Any CPU.Build.0 = Release|Any CPU
	EndGlobalSection
	GlobalSection(SolutionProperties) = preSolution
		HideSolutionNode = FALSE
	EndGlobalSection
	GlobalSection(ExtensibilityGlobals) = postSolution
		SolutionGuid = {7394B4E0-A575-4CE2-9D80-9F3FC2F6BF69}
	EndGlobalSection
EndGlobal
